<?xml version="1.0" encoding="UTF-8" standalone="yes" ?>
<CodeBlocks_project_file>
	<FileVersion major="1" minor="6" />
	<Project>
		<Option title="sumeria" />
		<Option pch_mode="2" />
		<Option compiler="catalina" />
		<Build>
			<Target title="default">
				<Option output="sumeria.binary" prefix_auto="1" extension_auto="0" />
				<Option type="1" />
				<Option compiler="catalina" />
			</Target>
		</Build>
		<Compiler>
			<Add option="-CTTY" />
			<Add option="-CNATIVE" />
			<Add option="-Clibm" />
			<Add option="-Clibc" />
			<Add option="-CP2_EVAL" />
			<Add option="-p2" />
		</Compiler>
		<Linker>
			<Add option="-CTTY" />
			<Add option="-CNATIVE" />
			<Add option="-lm" />
			<Add option="-lc" />
			<Add option="-CP2_EVAL" />
			<Add option="-p2" />
		</Linker>
		<Unit filename="../../demos/sumeria.c">
			<Option compilerVar="CC" />
		</Unit>
		<Extensions>
			<code_completion />
			<debugger />
		</Extensions>
	</Project>
</CodeBlocks_project_file>
