<?xml version="1.0" encoding="UTF-8" standalone="yes" ?>
<CodeBlocks_project_file>
	<FileVersion major="1" minor="6" />
	<Project>
		<Option title="globbing" />
		<Option pch_mode="2" />
		<Option compiler="catalina" />
		<Build>
			<Target title="default">
				<Option output="globbing.binary" prefix_auto="1" extension_auto="0" />
				<Option type="1" />
				<Option compiler="catalina" />
			</Target>
		</Build>
		<Compiler>
			<Add option="-b" />
			<Add option="-CNO_MOUSE" />
			<Add option="-CLARGE" />
			<Add option="-clibcix" />
		</Compiler>
		<Linker>
			<Add option="-b" />
			<Add option="-CNO_MOUSE" />
			<Add option="-CLARGE" />
			<Add option="-lcix" />
		</Linker>
		<Unit filename="../../demos/globbing/glob.c">
			<Option compilerVar="CC" />
		</Unit>
		<Unit filename="../../demos/globbing/storage.c">
			<Option compilerVar="CC" />
		</Unit>
		<Unit filename="../../demos/globbing/storage.h" />
		<Unit filename="../../demos/globbing/test.c">
			<Option compilerVar="CC" />
		</Unit>
		<Extensions>
			<code_completion />
		</Extensions>
	</Project>
</CodeBlocks_project_file>
