<?xml version="1.0" encoding="UTF-8" standalone="yes" ?>
<CodeBlocks_project_file>
	<FileVersion major="1" minor="6" />
	<Project>
		<Option title="test_threads_and_interrupts" />
		<Option pch_mode="2" />
		<Option compiler="catalina" />
		<Build>
			<Target title="default">
				<Option output="test_threads_and_interrupts" prefix_auto="1" extension_auto="0" />
				<Option type="1" />
				<Option compiler="catalina" />
			</Target>
		</Build>
		<Compiler>
			<Add option="-CCR_ON_LF" />
			<Add option="-CTTY -CVT100" />
			<Add option="-CNATIVE" />
			<Add option="-Clibinterrupts" />
			<Add option="-Clibthreads" />
			<Add option="-Clibci" />
			<Add option="-CP2_EVAL" />
			<Add option="-p2" />
		</Compiler>
		<Linker>
			<Add option="-CCR_ON_LF" />
			<Add option="-CTTY -CVT100" />
			<Add option="-CNATIVE" />
			<Add option="-linterrupts" />
			<Add option="-lthreads" />
			<Add option="-lci" />
			<Add option="-CP2_EVAL" />
			<Add option="-p2" />
		</Linker>
		<Unit filename="../../demos/interrupts/test_threads_and_interrupts.c">
			<Option compilerVar="CC" />
		</Unit>
		<Extensions>
			<code_completion />
			<debugger />
		</Extensions>
	</Project>
</CodeBlocks_project_file>
