<?xml version="1.0" encoding="UTF-8" standalone="yes" ?>
<CodeBlocks_project_file>
	<FileVersion major="1" minor="6" />
	<Project>
		<Option title="test_leds" />
		<Option pch_mode="2" />
		<Option compiler="catalina" />
		<Build>
			<Target title="Release">
				<Option output="bin\Release\test_leds" prefix_auto="1" extension_auto="0" />
				<Option object_output="obj\Release\" />
				<Option type="1" />
				<Option compiler="catalina" />
				<Compiler>
					<Add option="-CNO_HMI" />
				</Compiler>
				<Linker>
					<Add option="-CNO_HMI" />
				</Linker>
			</Target>
		</Build>
		<Compiler>
			<Add option="-CTINY" />
		</Compiler>
		<Linker>
			<Add option="-lc" />
			<Add option="-CTINY" />
		</Linker>
		<Unit filename="..\..\demos\test_leds.c">
			<Option compilerVar="CC" />
		</Unit>
		<Extensions>
			<code_completion />
			<debugger />
		</Extensions>
	</Project>
</CodeBlocks_project_file>
