<?xml version="1.0" encoding="UTF-8" standalone="yes" ?>
<CodeBlocks_project_file>
	<FileVersion major="1" minor="6" />
	<Project>
		<Option title="morpheus_proxy_test_3" />
		<Option pch_mode="2" />
		<Option compiler="catalina" />
		<Build>
			<Target title="Release">
				<Option output="bin/Release/test_3_client_2" prefix_auto="1" extension_auto="0" />
				<Option object_output="obj/Release/" />
				<Option type="1" />
				<Option compiler="catalina" />
				<Compiler>
					<Add option="-CMORPHEUS" />
				</Compiler>
				<Linker>
					<Add option="-CMORPHEUS" />
				</Linker>
			</Target>
		</Build>
		<Compiler>
			<Add option="-CNO_FLOAT" />
			<Add option="-CPROXY_SD" />
			<Add option="-CPROXY_MOUSE" />
			<Add option="-CPROXY_KEYBOARD" />
			<Add option="-CSMALL" />
			<Add option="-CCPU_1" />
		</Compiler>
		<Linker>
			<Add option="-CNO_FLOAT" />
			<Add option="-CPROXY_SD" />
			<Add option="-CPROXY_MOUSE" />
			<Add option="-CPROXY_KEYBOARD" />
			<Add option="-CSMALL" />
			<Add option="-lcx" />
			<Add option="-CCPU_1" />
		</Linker>
		<ExtraCommands>
			<Add after="spinnaker -p -a ../../utilities/Generic_Proxy_Server.spin -I ../../target -o bin/Release/test_3_server_1 -b -D MORPHEUS -D CPU_1 -D NO_SCREEN" />
		</ExtraCommands>
		<Unit filename="../../demos/test_stdio_fs.c">
			<Option compilerVar="CC" />
		</Unit>
		<Extensions>
			<code_completion />
			<debugger />
		</Extensions>
	</Project>
</CodeBlocks_project_file>
