<?xml version="1.0" encoding="UTF-8" standalone="yes" ?>
<CodeBlocks_project_file>
	<FileVersion major="1" minor="6" />
	<Project>
		<Option title="READ ME" />
		<Option pch_mode="2" />
		<Option compiler="catalina" />
		<Option show_notes="1">
			<notes>
				<![CDATA[The READ ME project in this workspace exists only to display the following information:

The projects in this folder do not specify a specific Propeller platform, which means they will use the configuration specified for the CUSTOM platform (which is the default). The CUSTOM platform is suitable for most Propellers with a 5Mhz crystal (such as the Parallax QuickStart board), but if this program requires any special devices - such as a TV output or an SD Card - then it will not run correctly.

If you have another of the supported platform then you should explicitly specify the platform to compile the projects correctly. You can do this in one of two ways:

1. If you only have a single Propeller platform and plan to compile all projects for that platform, then you can set it ONCE in the global Compiler Settings and it will apply to all the projects.

2. If you have multiple Propeller platforms then it is better to set the platform for EACH project in the project Build Options.

If you have an unsupported platform, then you should edit the CUSTOM definition files (e.g. Custom_DEF.inc, Custom_CFG.inc) to suit your platform.


IMPORTANT NOTES: 

The EMM projects in this directory each build a 64kb .eeprom file which must be loaded into the Propeller EEPROM using an external program, since EEPROM files larger than 64k cannot be loaded using either the normal Parallax serial loader or Payload.

The small_lisp and startrek demos require also require XMM RAM.

The programs CAN be loaded using the Hydra Asset Manager (which - despite the name - can be configured for platforms other than the Hydra). See the Hydra Asset Manager documentation or the Parallax forums for more details.
]]>
			</notes>
		</Option>
		<Build>
			<Target title="Release">
				<Option output="bin\Release\READ ME" prefix_auto="1" extension_auto="0" />
				<Option object_output="obj\Release\" />
				<Option type="1" />
				<Option compiler="catalina" />
			</Target>
		</Build>
		<Compiler>
			<Add option="-CTINY" />
		</Compiler>
		<Linker>
			<Add option="-lc" />
			<Add option="-CTINY" />
		</Linker>
		<Extensions>
			<code_completion />
		</Extensions>
	</Project>
</CodeBlocks_project_file>
