<?xml version="1.0" encoding="UTF-8" standalone="yes" ?>
<CodeBlocks_project_file>
	<FileVersion major="1" minor="6" />
	<Project>
		<Option title="hello_world_cmm" />
		<Option pch_mode="2" />
		<Option compiler="catalina" />
		<Build>
			<Target title="default">
				<Option output="hello_world.binary" prefix_auto="1" extension_auto="0" />
				<Option type="1" />
				<Option compiler="catalina" />
			</Target>
		</Build>
		<Compiler>
			<Add option="-CNO_ARGS" />
			<Add option="-b" />
			<Add option="-CTTY" />
			<Add option="-CCOMPACT" />
			<Add option="-Clibci" />
			<Add option="-p1" />
		</Compiler>
		<Linker>
			<Add option="-CNO_ARGS" />
			<Add option="-b" />
			<Add option="-CTTY" />
			<Add option="-CCOMPACT" />
			<Add option="-lci" />
			<Add option="-p1" />
			<Add option="-R 0x4000" />
		</Linker>
		<ExtraCommands>
			<Add after="cmd /c spinc -B2 -n CMM -c -l hello_world.binary &gt;hello_world_cmm.inc" />
		</ExtraCommands>
		<Unit filename="../../demos/multimodel/hello_world.c">
			<Option compilerVar="CC" />
		</Unit>
		<Extensions>
			<code_completion />
			<debugger />
		</Extensions>
	</Project>
</CodeBlocks_project_file>
