<?xml version="1.0" encoding="UTF-8" standalone="yes" ?>
<CodeBlocks_project_file>
	<FileVersion major="1" minor="6" />
	<Project>
		<Option title="graphics_demo_5" />
		<Option pch_mode="2" />
		<Option compiler="catalina" />
		<Build>
			<Target title="Release">
				<Option output="bin\Release\graphics_demo_5" prefix_auto="1" extension_auto="0" />
				<Option object_output="obj\Release\" />
				<Option type="1" />
				<Option compiler="catalina" />
			</Target>
		</Build>
		<Compiler>
			<Add option="-CNO_ARGS" />
			<Add option="-CNO_FLOAT" />
			<Add option="-CNO_INTERLACE" />
			<Add option="-CNO_HMI" />
			<Add option="-CLARGE" />
			<Add option="-Clibgraphics" />
		</Compiler>
		<Linker>
			<Add option="-CNO_ARGS" />
			<Add option="-CNO_FLOAT" />
			<Add option="-CNO_INTERLACE" />
			<Add option="-CNO_HMI" />
			<Add option="-CLARGE" />
			<Add option="-lgraphics" />
			<Add option="-lci" />
		</Linker>
		<Unit filename="..\..\demos\graphics\graphics_demo.c">
			<Option compilerVar="CC" />
		</Unit>
		<Extensions>
			<code_completion />
			<debugger />
		</Extensions>
	</Project>
</CodeBlocks_project_file>
